
Microsoft Visual Studio Solution File, Format Version 12.00
# Visual Studio 15
VisualStudioVersion = 15.0.28307.438
MinimumVisualStudioVersion = 10.0.40219.1
Project("{FAE04EC0-301F-11D3-BF4B-00C04F79EFBC}") = "AutoTyper", "AutoTyper\AutoTyper.csproj", "{B3C034B4-3833-4511-95EE-F4534DCC783A}"
EndProject
Global
	GlobalSection(SolutionConfigurationPlatforms) = preSolution
		Debug|Any CPU = Debug|Any CPU
		Release|Any CPU = Release|Any CPU
	EndGlobalSection
	GlobalSection(ProjectConfigurationPlatforms) = postSolution
		{B3C034B4-3833-4511-95EE-F4534DCC783A}.Debug|Any CPU.ActiveCfg = Debug|Any CPU
		{B3C034B4-3833-4511-95EE-F4534DCC783A}.Debug|Any CPU.Build.0 = Debug|Any CPU
		{B3C034B4-3833-4511-95EE-F4534DCC783A}.Release|Any CPU.ActiveCfg = Release|Any CPU
		{B3C034B4-3833-4511-95EE-F4534DCC783A}.Release|Any CPU.Build.0 = Release|Any CPU
	EndGlobalSection
	GlobalSection(SolutionProperties) = preSolution
		HideSolutionNode = FALSE
	EndGlobalSection
	GlobalSection(ExtensibilityGlobals) = postSolution
		SolutionGuid = {BDCC3BB4-4618-4F8B-A9C4-BE0D1A1FF17A}
	EndGlobalSection
EndGlobal
